// !$*UTF8*$!
{
	archiveVersion = 1;
	classes = {
	};
	objectVersion = 46;
	objects = {

/* Begin PBXBuildFile section */
		C11D26F71B64515800C08785 /* concertEditorViewController.swift in Sources */ = {isa = PBXBuildFile; fileRef = C11D26F61B64515800C08785 /* concertEditorViewController.swift */; };
		C11D26F91B64516500C08785 /* liveConcertViewController.swift in Sources */ = {isa = PBXBuildFile; fileRef = C11D26F81B64516500C08785 /* liveConcertViewController.swift */; };
		C126EBEB1B5B556000511F07 /* signUpViewController.swift in Sources */ = {isa = PBXBuildFile; fileRef = C126EBEA1B5B556000511F07 /* signUpViewController.swift */; };
		C126EBED1B5B7C8B00511F07 /* studentAreaLoginViewController.swift in Sources */ = {isa = PBXBuildFile; fileRef = C126EBEC1B5B7C8B00511F07 /* studentAreaLoginViewController.swift */; };
		C126EBF01B5B818E00511F07 /* LeftToRightSegue.swift in Sources */ = {isa = PBXBuildFile; fileRef = C126EBEF1B5B818E00511F07 /* LeftToRightSegue.swift */; };
		C126EBF51B5B862C00511F07 /* normalSignupViewController.swift in Sources */ = {isa = PBXBuildFile; fileRef = C126EBF41B5B862C00511F07 /* normalSignupViewController.swift */; };
		C12941EB1B64468E008D3F1F /* Concert.swift in Sources */ = {isa = PBXBuildFile; fileRef = C12941EA1B64468E008D3F1F /* Concert.swift */; };
		C14FE4A51B64335A00252214 /* scheduleViewController.swift in Sources */ = {isa = PBXBuildFile; fileRef = C14FE4A41B64335A00252214 /* scheduleViewController.swift */; };
		C18D07961B5B2F5E001C1A27 /* AppDelegate.swift in Sources */ = {isa = PBXBuildFile; fileRef = C18D07951B5B2F5E001C1A27 /* AppDelegate.swift */; };
		C18D07981B5B2F5E001C1A27 /* ViewController.swift in Sources */ = {isa = PBXBuildFile; fileRef = C18D07971B5B2F5E001C1A27 /* ViewController.swift */; };
		C18D079B1B5B2F5E001C1A27 /* Main.storyboard in Resources */ = {isa = PBXBuildFile; fileRef = C18D07991B5B2F5E001C1A27 /* Main.storyboard */; };
		C18D079E1B5B2F5E001C1A27 /* Soundtraks.xcdatamodeld in Sources */ = {isa = PBXBuildFile; fileRef = C18D079C1B5B2F5E001C1A27 /* Soundtraks.xcdatamodeld */; };
		C18D07A01B5B2F5E001C1A27 /* Assets.xcassets in Resources */ = {isa = PBXBuildFile; fileRef = C18D079F1B5B2F5E001C1A27 /* Assets.xcassets */; };
		C18D07A31B5B2F5E001C1A27 /* LaunchScreen.storyboard in Resources */ = {isa = PBXBuildFile; fileRef = C18D07A11B5B2F5E001C1A27 /* LaunchScreen.storyboard */; };
		C18D07AE1B5B2F5E001C1A27 /* SoundtraksTests.swift in Sources */ = {isa = PBXBuildFile; fileRef = C18D07AD1B5B2F5E001C1A27 /* SoundtraksTests.swift */; };
		C18D07B91B5B2F5E001C1A27 /* SoundtraksUITests.swift in Sources */ = {isa = PBXBuildFile; fileRef = C18D07B81B5B2F5E001C1A27 /* SoundtraksUITests.swift */; };
		C1E376691B5B2FDB0031E1A7 /* Bolts.framework in Frameworks */ = {isa = PBXBuildFile; fileRef = C1E376631B5B2FDB0031E1A7 /* Bolts.framework */; };
		C1E3766A1B5B2FDB0031E1A7 /* Parse.framework in Frameworks */ = {isa = PBXBuildFile; fileRef = C1E376641B5B2FDB0031E1A7 /* Parse.framework */; };
		C1E3766B1B5B2FDB0031E1A7 /* ParseCrashReporting.framework in Frameworks */ = {isa = PBXBuildFile; fileRef = C1E376651B5B2FDB0031E1A7 /* ParseCrashReporting.framework */; };
		C1E3766C1B5B2FDB0031E1A7 /* ParseFacebookUtils.framework in Frameworks */ = {isa = PBXBuildFile; fileRef = C1E376661B5B2FDB0031E1A7 /* ParseFacebookUtils.framework */; };
		C1E3766D1B5B2FDB0031E1A7 /* ParseFacebookUtilsV4.framework in Frameworks */ = {isa = PBXBuildFile; fileRef = C1E376671B5B2FDB0031E1A7 /* ParseFacebookUtilsV4.framework */; };
		C1E3766E1B5B2FDB0031E1A7 /* ParseUI.framework in Frameworks */ = {isa = PBXBuildFile; fileRef = C1E376681B5B2FDB0031E1A7 /* ParseUI.framework */; };
		C1E376711B5B300A0031E1A7 /* AudioToolbox.framework in Frameworks */ = {isa = PBXBuildFile; fileRef = C1E376701B5B300A0031E1A7 /* AudioToolbox.framework */; };
		C1E376731B5B300F0031E1A7 /* CFNetwork.framework in Frameworks */ = {isa = PBXBuildFile; fileRef = C1E376721B5B300F0031E1A7 /* CFNetwork.framework */; };
		C1E376751B5B30160031E1A7 /* CoreGraphics.framework in Frameworks */ = {isa = PBXBuildFile; fileRef = C1E376741B5B30160031E1A7 /* CoreGraphics.framework */; };
		C1E376771B5B301C0031E1A7 /* QuartzCore.framework in Frameworks */ = {isa = PBXBuildFile; fileRef = C1E376761B5B301C0031E1A7 /* QuartzCore.framework */; };
		C1E376791B5B30280031E1A7 /* CoreLocation.framework in Frameworks */ = {isa = PBXBuildFile; fileRef = C1E376781B5B30280031E1A7 /* CoreLocation.framework */; };
		C1E3767B1B5B302E0031E1A7 /* Security.framework in Frameworks */ = {isa = PBXBuildFile; fileRef = C1E3767A1B5B302E0031E1A7 /* Security.framework */; };
		C1E3767D1B5B30330031E1A7 /* StoreKit.framework in Frameworks */ = {isa = PBXBuildFile; fileRef = C1E3767C1B5B30330031E1A7 /* StoreKit.framework */; };
		C1E3767F1B5B30390031E1A7 /* SystemConfiguration.framework in Frameworks */ = {isa = PBXBuildFile; fileRef = C1E3767E1B5B30390031E1A7 /* SystemConfiguration.framework */; };
		C1E376811B5B30450031E1A7 /* libz.tbd in Frameworks */ = {isa = PBXBuildFile; fileRef = C1E376801B5B30450031E1A7 /* libz.tbd */; };
		C1E376831B5B304C0031E1A7 /* libsqlite3.tbd in Frameworks */ = {isa = PBXBuildFile; fileRef = C1E376821B5B304C0031E1A7 /* libsqlite3.tbd */; };
		C1E376851B5B30610031E1A7 /* Accounts.framework in Frameworks */ = {isa = PBXBuildFile; fileRef = C1E376841B5B30610031E1A7 /* Accounts.framework */; };
		C1E376871B5B30670031E1A7 /* Social.framework in Frameworks */ = {isa = PBXBuildFile; fileRef = C1E376861B5B30670031E1A7 /* Social.framework */; };
/* End PBXBuildFile section */

/* Begin PBXContainerItemProxy section */
		C18D07AA1B5B2F5E001C1A27 /* PBXContainerItemProxy */ = {
			isa = PBXContainerItemProxy;
			containerPortal = C18D078A1B5B2F5E001C1A27 /* Project object */;
			proxyType = 1;
			remoteGlobalIDString = C18D07911B5B2F5E001C1A27;
			remoteInfo = Soundtraks;
		};
		C18D07B51B5B2F5E001C1A27 /* PBXContainerItemProxy */ = {
			isa = PBXContainerItemProxy;
			containerPortal = C18D078A1B5B2F5E001C1A27 /* Project object */;
			proxyType = 1;
			remoteGlobalIDString = C18D07911B5B2F5E001C1A27;
			remoteInfo = Soundtraks;
		};
/* End PBXContainerItemProxy section */

/* Begin PBXFileReference section */
		C11D26F61B64515800C08785 /* concertEditorViewController.swift */ = {isa = PBXFileReference; fileEncoding = 4; lastKnownFileType = sourcecode.swift; path = concertEditorViewController.swift; sourceTree = "<group>"; };
		C11D26F81B64516500C08785 /* liveConcertViewController.swift */ = {isa = PBXFileReference; fileEncoding = 4; lastKnownFileType = sourcecode.swift; path = liveConcertViewController.swift; sourceTree = "<group>"; };
		C126EBEA1B5B556000511F07 /* signUpViewController.swift */ = {isa = PBXFileReference; fileEncoding = 4; lastKnownFileType = sourcecode.swift; path = signUpViewController.swift; sourceTree = "<group>"; };
		C126EBEC1B5B7C8B00511F07 /* studentAreaLoginViewController.swift */ = {isa = PBXFileReference; fileEncoding = 4; lastKnownFileType = sourcecode.swift; path = studentAreaLoginViewController.swift; sourceTree = "<group>"; };
		C126EBEF1B5B818E00511F07 /* LeftToRightSegue.swift */ = {isa = PBXFileReference; fileEncoding = 4; lastKnownFileType = sourcecode.swift; path = LeftToRightSegue.swift; sourceTree = "<group>"; };
		C126EBF41B5B862C00511F07 /* normalSignupViewController.swift */ = {isa = PBXFileReference; fileEncoding = 4; lastKnownFileType = sourcecode.swift; path = normalSignupViewController.swift; sourceTree = "<group>"; };
		C12941EA1B64468E008D3F1F /* Concert.swift */ = {isa = PBXFileReference; fileEncoding = 4; lastKnownFileType = sourcecode.swift; path = Concert.swift; sourceTree = "<group>"; };
		C14FE4A41B64335A00252214 /* scheduleViewController.swift */ = {isa = PBXFileReference; fileEncoding = 4; lastKnownFileType = sourcecode.swift; path = scheduleViewController.swift; sourceTree = "<group>"; };
		C18D07921B5B2F5E001C1A27 /* Soundtraks.app */ = {isa = PBXFileReference; explicitFileType = wrapper.application; includeInIndex = 0; path = Soundtraks.app; sourceTree = BUILT_PRODUCTS_DIR; };
		C18D07951B5B2F5E001C1A27 /* AppDelegate.swift */ = {isa = PBXFileReference; lastKnownFileType = sourcecode.swift; path = AppDelegate.swift; sourceTree = "<group>"; };
		C18D07971B5B2F5E001C1A27 /* ViewController.swift */ = {isa = PBXFileReference; lastKnownFileType = sourcecode.swift; path = ViewController.swift; sourceTree = "<group>"; };
		C18D079A1B5B2F5E001C1A27 /* Base */ = {isa = PBXFileReference; lastKnownFileType = file.storyboard; name = Base; path = Base.lproj/Main.storyboard; sourceTree = "<group>"; };
		C18D079D1B5B2F5E001C1A27 /* Soundtraks.xcdatamodel */ = {isa = PBXFileReference; lastKnownFileType = wrapper.xcdatamodel; path = Soundtraks.xcdatamodel; sourceTree = "<group>"; };
		C18D079F1B5B2F5E001C1A27 /* Assets.xcassets */ = {isa = PBXFileReference; lastKnownFileType = folder.assetcatalog; path = Assets.xcassets; sourceTree = "<group>"; };
		C18D07A21B5B2F5E001C1A27 /* Base */ = {isa = PBXFileReference; lastKnownFileType = file.storyboard; name = Base; path = Base.lproj/LaunchScreen.storyboard; sourceTree = "<group>"; };
		C18D07A41B5B2F5E001C1A27 /* Info.plist */ = {isa = PBXFileReference; lastKnownFileType = text.plist.xml; path = Info.plist; sourceTree = "<group>"; };
		C18D07A91B5B2F5E001C1A27 /* SoundtraksTests.xctest */ = {isa = PBXFileReference; explicitFileType = wrapper.cfbundle; includeInIndex = 0; path = SoundtraksTests.xctest; sourceTree = BUILT_PRODUCTS_DIR; };
		C18D07AD1B5B2F5E001C1A27 /* SoundtraksTests.swift */ = {isa = PBXFileReference; lastKnownFileType = sourcecode.swift; path = SoundtraksTests.swift; sourceTree = "<group>"; };
		C18D07AF1B5B2F5E001C1A27 /* Info.plist */ = {isa = PBXFileReference; lastKnownFileType = text.plist.xml; path = Info.plist; sourceTree = "<group>"; };
		C18D07B41B5B2F5E001C1A27 /* SoundtraksUITests.xctest */ = {isa = PBXFileReference; explicitFileType = wrapper.cfbundle; includeInIndex = 0; path = SoundtraksUITests.xctest; sourceTree = BUILT_PRODUCTS_DIR; };
		C18D07B81B5B2F5E001C1A27 /* SoundtraksUITests.swift */ = {isa = PBXFileReference; lastKnownFileType = sourcecode.swift; path = SoundtraksUITests.swift; sourceTree = "<group>"; };
		C18D07BA1B5B2F5E001C1A27 /* Info.plist */ = {isa = PBXFileReference; lastKnownFileType = text.plist.xml; path = Info.plist; sourceTree = "<group>"; };
		C1E376631B5B2FDB0031E1A7 /* Bolts.framework */ = {isa = PBXFileReference; lastKnownFileType = wrapper.framework; path = Bolts.framework; sourceTree = "<group>"; };
		C1E376641B5B2FDB0031E1A7 /* Parse.framework */ = {isa = PBXFileReference; lastKnownFileType = wrapper.framework; path = Parse.framework; sourceTree = "<group>"; };
		C1E376651B5B2FDB0031E1A7 /* ParseCrashReporting.framework */ = {isa = PBXFileReference; lastKnownFileType = wrapper.framework; path = ParseCrashReporting.framework; sourceTree = "<group>"; };
		C1E376661B5B2FDB0031E1A7 /* ParseFacebookUtils.framework */ = {isa = PBXFileReference; lastKnownFileType = wrapper.framework; path = ParseFacebookUtils.framework; sourceTree = "<group>"; };
		C1E376671B5B2FDB0031E1A7 /* ParseFacebookUtilsV4.framework */ = {isa = PBXFileReference; lastKnownFileType = wrapper.framework; path = ParseFacebookUtilsV4.framework; sourceTree = "<group>"; };
		C1E376681B5B2FDB0031E1A7 /* ParseUI.framework */ = {isa = PBXFileReference; lastKnownFileType = wrapper.framework; path = ParseUI.framework; sourceTree = "<group>"; };
		C1E376701B5B300A0031E1A7 /* AudioToolbox.framework */ = {isa = PBXFileReference; lastKnownFileType = wrapper.framework; name = AudioToolbox.framework; path = System/Library/Frameworks/AudioToolbox.framework; sourceTree = SDKROOT; };
		C1E376721B5B300F0031E1A7 /* CFNetwork.framework */ = {isa = PBXFileReference; lastKnownFileType = wrapper.framework; name = CFNetwork.framework; path = System/Library/Frameworks/CFNetwork.framework; sourceTree = SDKROOT; };
		C1E376741B5B30160031E1A7 /* CoreGraphics.framework */ = {isa = PBXFileReference; lastKnownFileType = wrapper.framework; name = CoreGraphics.framework; path = System/Library/Frameworks/CoreGraphics.framework; sourceTree = SDKROOT; };
		C1E376761B5B301C0031E1A7 /* QuartzCore.framework */ = {isa = PBXFileReference; lastKnownFileType = wrapper.framework; name = QuartzCore.framework; path = System/Library/Frameworks/QuartzCore.framework; sourceTree = SDKROOT; };
		C1E376781B5B30280031E1A7 /* CoreLocation.framework */ = {isa = PBXFileReference; lastKnownFileType = wrapper.framework; name = CoreLocation.framework; path = System/Library/Frameworks/CoreLocation.framework; sourceTree = SDKROOT; };
		C1E3767A1B5B302E0031E1A7 /* Security.framework */ = {isa = PBXFileReference; lastKnownFileType = wrapper.framework; name = Security.framework; path = System/Library/Frameworks/Security.framework; sourceTree = SDKROOT; };
		C1E3767C1B5B30330031E1A7 /* StoreKit.framework */ = {isa = PBXFileReference; lastKnownFileType = wrapper.framework; name = StoreKit.framework; path = System/Library/Frameworks/StoreKit.framework; sourceTree = SDKROOT; };
		C1E3767E1B5B30390031E1A7 /* SystemConfiguration.framework */ = {isa = PBXFileReference; lastKnownFileType = wrapper.framework; name = SystemConfiguration.framework; path = System/Library/Frameworks/SystemConfiguration.framework; sourceTree = SDKROOT; };
		C1E376801B5B30450031E1A7 /* libz.tbd */ = {isa = PBXFileReference; lastKnownFileType = "sourcecode.text-based-dylib-definition"; name = libz.tbd; path = usr/lib/libz.tbd; sourceTree = SDKROOT; };
		C1E376821B5B304C0031E1A7 /* libsqlite3.tbd */ = {isa = PBXFileReference; lastKnownFileType = "sourcecode.text-based-dylib-definition"; name = libsqlite3.tbd; path = usr/lib/libsqlite3.tbd; sourceTree = SDKROOT; };
		C1E376841B5B30610031E1A7 /* Accounts.framework */ = {isa = PBXFileReference; lastKnownFileType = wrapper.framework; name = Accounts.framework; path = System/Library/Frameworks/Accounts.framework; sourceTree = SDKROOT; };
		C1E376861B5B30670031E1A7 /* Social.framework */ = {isa = PBXFileReference; lastKnownFileType = wrapper.framework; name = Social.framework; path = System/Library/Frameworks/Social.framework; sourceTree = SDKROOT; };
		C1E8AECB1B5B378900F3BBD9 /* Soundtraks-Bridging-Header.h */ = {isa = PBXFileReference; lastKnownFileType = sourcecode.c.h; path = "Soundtraks-Bridging-Header.h"; sourceTree = "<group>"; };
/* End PBXFileReference section */

/* Begin PBXFrameworksBuildPhase section */
		C18D078F1B5B2F5E001C1A27 /* Frameworks */ = {
			isa = PBXFrameworksBuildPhase;
			buildActionMask = 2147483647;
			files = (
				C1E376871B5B30670031E1A7 /* Social.framework in Frameworks */,
				C1E376851B5B30610031E1A7 /* Accounts.framework in Frameworks */,
				C1E376831B5B304C0031E1A7 /* libsqlite3.tbd in Frameworks */,
				C1E376811B5B30450031E1A7 /* libz.tbd in Frameworks */,
				C1E3767F1B5B30390031E1A7 /* SystemConfiguration.framework in Frameworks */,
				C1E3767D1B5B30330031E1A7 /* StoreKit.framework in Frameworks */,
				C1E3767B1B5B302E0031E1A7 /* Security.framework in Frameworks */,
				C1E376791B5B30280031E1A7 /* CoreLocation.framework in Frameworks */,
				C1E376771B5B301C0031E1A7 /* QuartzCore.framework in Frameworks */,
				C1E376751B5B30160031E1A7 /* CoreGraphics.framework in Frameworks */,
				C1E376731B5B300F0031E1A7 /* CFNetwork.framework in Frameworks */,
				C1E376711B5B300A0031E1A7 /* AudioToolbox.framework in Frameworks */,
				C1E3766E1B5B2FDB0031E1A7 /* ParseUI.framework in Frameworks */,
				C1E3766A1B5B2FDB0031E1A7 /* Parse.framework in Frameworks */,
				C1E3766B1B5B2FDB0031E1A7 /* ParseCrashReporting.framework in Frameworks */,
				C1E3766C1B5B2FDB0031E1A7 /* ParseFacebookUtils.framework in Frameworks */,
				C1E376691B5B2FDB0031E1A7 /* Bolts.framework in Frameworks */,
				C1E3766D1B5B2FDB0031E1A7 /* ParseFacebookUtilsV4.framework in Frameworks */,
			);
			runOnlyForDeploymentPostprocessing = 0;
		};
		C18D07A61B5B2F5E001C1A27 /* Frameworks */ = {
			isa = PBXFrameworksBuildPhase;
			buildActionMask = 2147483647;
			files = (
			);
			runOnlyForDeploymentPostprocessing = 0;
		};
		C18D07B11B5B2F5E001C1A27 /* Frameworks */ = {
			isa = PBXFrameworksBuildPhase;
			buildActionMask = 2147483647;
			files = (
			);
			runOnlyForDeploymentPostprocessing = 0;
		};
/* End PBXFrameworksBuildPhase section */

/* Begin PBXGroup section */
		C126EBEE1B5B805500511F07 /* ViewControllers */ = {
			isa = PBXGroup;
			children = (
				C18D07971B5B2F5E001C1A27 /* ViewController.swift */,
				C126EBEC1B5B7C8B00511F07 /* studentAreaLoginViewController.swift */,
				C126EBEA1B5B556000511F07 /* signUpViewController.swift */,
				C126EBF41B5B862C00511F07 /* normalSignupViewController.swift */,
				C14FE4A41B64335A00252214 /* scheduleViewController.swift */,
				C11D26F61B64515800C08785 /* concertEditorViewController.swift */,
				C11D26F81B64516500C08785 /* liveConcertViewController.swift */,
			);
			name = ViewControllers;
			sourceTree = "<group>";
		};
		C126EBF11B5B819B00511F07 /* Misc */ = {
			isa = PBXGroup;
			children = (
				C126EBEF1B5B818E00511F07 /* LeftToRightSegue.swift */,
			);
			name = Misc;
			sourceTree = "<group>";
		};
		C12941EC1B644697008D3F1F /* Objects */ = {
			isa = PBXGroup;
			children = (
				C12941EA1B64468E008D3F1F /* Concert.swift */,
			);
			name = Objects;
			sourceTree = "<group>";
		};
		C18D07891B5B2F5E001C1A27 = {
			isa = PBXGroup;
			children = (
				C18D07941B5B2F5E001C1A27 /* Soundtraks */,
				C18D07AC1B5B2F5E001C1A27 /* SoundtraksTests */,
				C18D07B71B5B2F5E001C1A27 /* SoundtraksUITests */,
				C18D07931B5B2F5E001C1A27 /* Products */,
			);
			sourceTree = "<group>";
		};
		C18D07931B5B2F5E001C1A27 /* Products */ = {
			isa = PBXGroup;
			children = (
				C18D07921B5B2F5E001C1A27 /* Soundtraks.app */,
				C18D07A91B5B2F5E001C1A27 /* SoundtraksTests.xctest */,
				C18D07B41B5B2F5E001C1A27 /* SoundtraksUITests.xctest */,
			);
			name = Products;
			sourceTree = "<group>";
		};
		C18D07941B5B2F5E001C1A27 /* Soundtraks */ = {
			isa = PBXGroup;
			children = (
				C18D07951B5B2F5E001C1A27 /* AppDelegate.swift */,
				C12941EC1B644697008D3F1F /* Objects */,
				C126EBF11B5B819B00511F07 /* Misc */,
				C1E3766F1B5B2FDE0031E1A7 /* Frameworks */,
				C126EBEE1B5B805500511F07 /* ViewControllers */,
				C18D07991B5B2F5E001C1A27 /* Main.storyboard */,
				C18D079F1B5B2F5E001C1A27 /* Assets.xcassets */,
				C18D07A11B5B2F5E001C1A27 /* LaunchScreen.storyboard */,
				C18D07A41B5B2F5E001C1A27 /* Info.plist */,
				C18D079C1B5B2F5E001C1A27 /* Soundtraks.xcdatamodeld */,
				C1E8AECB1B5B378900F3BBD9 /* Soundtraks-Bridging-Header.h */,
			);
			path = Soundtraks;
			sourceTree = "<group>";
		};
		C18D07AC1B5B2F5E001C1A27 /* SoundtraksTests */ = {
			isa = PBXGroup;
			children = (
				C18D07AD1B5B2F5E001C1A27 /* SoundtraksTests.swift */,
				C18D07AF1B5B2F5E001C1A27 /* Info.plist */,
			);
			path = SoundtraksTests;
			sourceTree = "<group>";
		};
		C18D07B71B5B2F5E001C1A27 /* SoundtraksUITests */ = {
			isa = PBXGroup;
			children = (
				C18D07B81B5B2F5E001C1A27 /* SoundtraksUITests.swift */,
				C18D07BA1B5B2F5E001C1A27 /* Info.plist */,
			);
			path = SoundtraksUITests;
			sourceTree = "<group>";
		};
		C1E3766F1B5B2FDE0031E1A7 /* Frameworks */ = {
			isa = PBXGroup;
			children = (
				C1E376821B5B304C0031E1A7 /* libsqlite3.tbd */,
				C1E376801B5B30450031E1A7 /* libz.tbd */,
				C1E376861B5B30670031E1A7 /* Social.framework */,
				C1E376841B5B30610031E1A7 /* Accounts.framework */,
				C1E3767E1B5B30390031E1A7 /* SystemConfiguration.framework */,
				C1E3767C1B5B30330031E1A7 /* StoreKit.framework */,
				C1E3767A1B5B302E0031E1A7 /* Security.framework */,
				C1E376781B5B30280031E1A7 /* CoreLocation.framework */,
				C1E376761B5B301C0031E1A7 /* QuartzCore.framework */,
				C1E376741B5B30160031E1A7 /* CoreGraphics.framework */,
				C1E376721B5B300F0031E1A7 /* CFNetwork.framework */,
				C1E376701B5B300A0031E1A7 /* AudioToolbox.framework */,
				C1E376631B5B2FDB0031E1A7 /* Bolts.framework */,
				C1E376641B5B2FDB0031E1A7 /* Parse.framework */,
				C1E376651B5B2FDB0031E1A7 /* ParseCrashReporting.framework */,
				C1E376661B5B2FDB0031E1A7 /* ParseFacebookUtils.framework */,
				C1E376671B5B2FDB0031E1A7 /* ParseFacebookUtilsV4.framework */,
				C1E376681B5B2FDB0031E1A7 /* ParseUI.framework */,
			);
			name = Frameworks;
			sourceTree = "<group>";
		};
/* End PBXGroup section */

/* Begin PBXNativeTarget section */
		C18D07911B5B2F5E001C1A27 /* Soundtraks */ = {
			isa = PBXNativeTarget;
			buildConfigurationList = C18D07BD1B5B2F5E001C1A27 /* Build configuration list for PBXNativeTarget "Soundtraks" */;
			buildPhases = (
				C18D078E1B5B2F5E001C1A27 /* Sources */,
				C18D078F1B5B2F5E001C1A27 /* Frameworks */,
				C18D07901B5B2F5E001C1A27 /* Resources */,
			);
			buildRules = (
			);
			dependencies = (
			);
			name = Soundtraks;
			productName = Soundtraks;
			productReference = C18D07921B5B2F5E001C1A27 /* Soundtraks.app */;
			productType = "com.apple.product-type.application";
		};
		C18D07A81B5B2F5E001C1A27 /* SoundtraksTests */ = {
			isa = PBXNativeTarget;
			buildConfigurationList = C18D07C01B5B2F5E001C1A27 /* Build configuration list for PBXNativeTarget "SoundtraksTests" */;
			buildPhases = (
				C18D07A51B5B2F5E001C1A27 /* Sources */,
				C18D07A61B5B2F5E001C1A27 /* Frameworks */,
				C18D07A71B5B2F5E001C1A27 /* Resources */,
			);
			buildRules = (
			);
			dependencies = (
				C18D07AB1B5B2F5E001C1A27 /* PBXTargetDependency */,
			);
			name = SoundtraksTests;
			productName = SoundtraksTests;
			productReference = C18D07A91B5B2F5E001C1A27 /* SoundtraksTests.xctest */;
			productType = "com.apple.product-type.bundle.unit-test";
		};
		C18D07B31B5B2F5E001C1A27 /* SoundtraksUITests */ = {
			isa = PBXNativeTarget;
			buildConfigurationList = C18D07C31B5B2F5E001C1A27 /* Build configuration list for PBXNativeTarget "SoundtraksUITests" */;
			buildPhases = (
				C18D07B01B5B2F5E001C1A27 /* Sources */,
				C18D07B11B5B2F5E001C1A27 /* Frameworks */,
				C18D07B21B5B2F5E001C1A27 /* Resources */,
			);
			buildRules = (
			);
			dependencies = (
				C18D07B61B5B2F5E001C1A27 /* PBXTargetDependency */,
			);
			name = SoundtraksUITests;
			productName = SoundtraksUITests;
			productReference = C18D07B41B5B2F5E001C1A27 /* SoundtraksUITests.xctest */;
			productType = "com.apple.product-type.bundle.ui-testing";
		};
/* End PBXNativeTarget section */

/* Begin PBXProject section */
		C18D078A1B5B2F5E001C1A27 /* Project object */ = {
			isa = PBXProject;
			attributes = {
				LastSwiftUpdateCheck = 0700;
				LastUpgradeCheck = 0700;
				ORGANIZATIONNAME = "New Trier Soundtraks";
				TargetAttributes = {
					C18D07911B5B2F5E001C1A27 = {
						CreatedOnToolsVersion = 7.0;
					};
					C18D07A81B5B2F5E001C1A27 = {
						CreatedOnToolsVersion = 7.0;
						TestTargetID = C18D07911B5B2F5E001C1A27;
					};
					C18D07B31B5B2F5E001C1A27 = {
						CreatedOnToolsVersion = 7.0;
						TestTargetID = C18D07911B5B2F5E001C1A27;
					};
				};
			};
			buildConfigurationList = C18D078D1B5B2F5E001C1A27 /* Build configuration list for PBXProject "Soundtraks" */;
			compatibilityVersion = "Xcode 3.2";
			developmentRegion = English;
			hasScannedForEncodings = 0;
			knownRegions = (
				en,
				Base,
			);
			mainGroup = C18D07891B5B2F5E001C1A27;
			productRefGroup = C18D07931B5B2F5E001C1A27 /* Products */;
			projectDirPath = "";
			projectRoot = "";
			targets = (
				C18D07911B5B2F5E001C1A27 /* Soundtraks */,
				C18D07A81B5B2F5E001C1A27 /* SoundtraksTests */,
				C18D07B31B5B2F5E001C1A27 /* SoundtraksUITests */,
			);
		};
/* End PBXProject section */

/* Begin PBXResourcesBuildPhase section */
		C18D07901B5B2F5E001C1A27 /* Resources */ = {
			isa = PBXResourcesBuildPhase;
			buildActionMask = 2147483647;
			files = (
				C18D07A31B5B2F5E001C1A27 /* LaunchScreen.storyboard in Resources */,
				C18D07A01B5B2F5E001C1A27 /* Assets.xcassets in Resources */,
				C18D079B1B5B2F5E001C1A27 /* Main.storyboard in Resources */,
			);
			runOnlyForDeploymentPostprocessing = 0;
		};
		C18D07A71B5B2F5E001C1A27 /* Resources */ = {
			isa = PBXResourcesBuildPhase;
			buildActionMask = 2147483647;
			files = (
			);
			runOnlyForDeploymentPostprocessing = 0;
		};
		C18D07B21B5B2F5E001C1A27 /* Resources */ = {
			isa = PBXResourcesBuildPhase;
			buildActionMask = 2147483647;
			files = (
			);
			runOnlyForDeploymentPostprocessing = 0;
		};
/* End PBXResourcesBuildPhase section */

/* Begin PBXSourcesBuildPhase section */
		C18D078E1B5B2F5E001C1A27 /* Sources */ = {
			isa = PBXSourcesBuildPhase;
			buildActionMask = 2147483647;
			files = (
				C18D079E1B5B2F5E001C1A27 /* Soundtraks.xcdatamodeld in Sources */,
				C11D26F91B64516500C08785 /* liveConcertViewController.swift in Sources */,
				C12941EB1B64468E008D3F1F /* Concert.swift in Sources */,
				C126EBF51B5B862C00511F07 /* normalSignupViewController.swift in Sources */,
				C18D07981B5B2F5E001C1A27 /* ViewController.swift in Sources */,
				C14FE4A51B64335A00252214 /* scheduleViewController.swift in Sources */,
				C126EBF01B5B818E00511F07 /* LeftToRightSegue.swift in Sources */,
				C126EBEB1B5B556000511F07 /* signUpViewController.swift in Sources */,
				C126EBED1B5B7C8B00511F07 /* studentAreaLoginViewController.swift in Sources */,
				C11D26F71B64515800C08785 /* concertEditorViewController.swift in Sources */,
				C18D07961B5B2F5E001C1A27 /* AppDelegate.swift in Sources */,
			);
			runOnlyForDeploymentPostprocessing = 0;
		};
		C18D07A51B5B2F5E001C1A27 /* Sources */ = {
			isa = PBXSourcesBuildPhase;
			buildActionMask = 2147483647;
			files = (
				C18D07AE1B5B2F5E001C1A27 /* SoundtraksTests.swift in Sources */,
			);
			runOnlyForDeploymentPostprocessing = 0;
		};
		C18D07B01B5B2F5E001C1A27 /* Sources */ = {
			isa = PBXSourcesBuildPhase;
			buildActionMask = 2147483647;
			files = (
				C18D07B91B5B2F5E001C1A27 /* SoundtraksUITests.swift in Sources */,
			);
			runOnlyForDeploymentPostprocessing = 0;
		};
/* End PBXSourcesBuildPhase section */

/* Begin PBXTargetDependency section */
		C18D07AB1B5B2F5E001C1A27 /* PBXTargetDependency */ = {
			isa = PBXTargetDependency;
			target = C18D07911B5B2F5E001C1A27 /* Soundtraks */;
			targetProxy = C18D07AA1B5B2F5E001C1A27 /* PBXContainerItemProxy */;
		};
		C18D07B61B5B2F5E001C1A27 /* PBXTargetDependency */ = {
			isa = PBXTargetDependency;
			target = C18D07911B5B2F5E001C1A27 /* Soundtraks */;
			targetProxy = C18D07B51B5B2F5E001C1A27 /* PBXContainerItemProxy */;
		};
/* End PBXTargetDependency section */

/* Begin PBXVariantGroup section */
		C18D07991B5B2F5E001C1A27 /* Main.storyboard */ = {
			isa = PBXVariantGroup;
			children = (
				C18D079A1B5B2F5E001C1A27 /* Base */,
			);
			name = Main.storyboard;
			sourceTree = "<group>";
		};
		C18D07A11B5B2F5E001C1A27 /* LaunchScreen.storyboard */ = {
			isa = PBXVariantGroup;
			children = (
				C18D07A21B5B2F5E001C1A27 /* Base */,
			);
			name = LaunchScreen.storyboard;
			sourceTree = "<group>";
		};
/* End PBXVariantGroup section */

/* Begin XCBuildConfiguration section */
		C18D07BB1B5B2F5E001C1A27 /* Debug */ = {
			isa = XCBuildConfiguration;
			buildSettings = {
				ALWAYS_SEARCH_USER_PATHS = NO;
				CLANG_CXX_LANGUAGE_STANDARD = "gnu++0x";
				CLANG_CXX_LIBRARY = "libc++";
				CLANG_ENABLE_MODULES = YES;
				CLANG_ENABLE_OBJC_ARC = YES;
				CLANG_WARN_BOOL_CONVERSION = YES;
				CLANG_WARN_CONSTANT_CONVERSION = YES;
				CLANG_WARN_DIRECT_OBJC_ISA_USAGE = YES_ERROR;
				CLANG_WARN_EMPTY_BODY = YES;
				CLANG_WARN_ENUM_CONVERSION = YES;
				CLANG_WARN_INT_CONVERSION = YES;
				CLANG_WARN_OBJC_ROOT_CLASS = YES_ERROR;
				CLANG_WARN_UNREACHABLE_CODE = YES;
				CLANG_WARN__DUPLICATE_METHOD_MATCH = YES;
				"CODE_SIGN_IDENTITY[sdk=iphoneos*]" = "iPhone Developer";
				COPY_PHASE_STRIP = NO;
				DEBUG_INFORMATION_FORMAT = dwarf;
				ENABLE_STRICT_OBJC_MSGSEND = YES;
				ENABLE_TESTABILITY = YES;
				GCC_C_LANGUAGE_STANDARD = gnu99;
				GCC_DYNAMIC_NO_PIC = NO;
				GCC_NO_COMMON_BLOCKS = YES;
				GCC_OPTIMIZATION_LEVEL = 0;
				GCC_PREPROCESSOR_DEFINITIONS = (
					"DEBUG=1",
					"$(inherited)",
				);
				GCC_WARN_64_TO_32_BIT_CONVERSION = YES;
				GCC_WARN_ABOUT_RETURN_TYPE = YES_ERROR;
				GCC_WARN_UNDECLARED_SELECTOR = YES;
				GCC_WARN_UNINITIALIZED_AUTOS = YES_AGGRESSIVE;
				GCC_WARN_UNUSED_FUNCTION = YES;
				GCC_WARN_UNUSED_VARIABLE = YES;
				IPHONEOS_DEPLOYMENT_TARGET = 9.0;
				MTL_ENABLE_DEBUG_INFO = YES;
				ONLY_ACTIVE_ARCH = YES;
				SDKROOT = iphoneos;
				SWIFT_OPTIMIZATION_LEVEL = "-Onone";
				TARGETED_DEVICE_FAMILY = "1,2";
			};
			name = Debug;
		};
		C18D07BC1B5B2F5E001C1A27 /* Release */ = {
			isa = XCBuildConfiguration;
			buildSettings = {
				ALWAYS_SEARCH_USER_PATHS = NO;
				CLANG_CXX_LANGUAGE_STANDARD = "gnu++0x";
				CLANG_CXX_LIBRARY = "libc++";
				CLANG_ENABLE_MODULES = YES;
				CLANG_ENABLE_OBJC_ARC = YES;
				CLANG_WARN_BOOL_CONVERSION = YES;
				CLANG_WARN_CONSTANT_CONVERSION = YES;
				CLANG_WARN_DIRECT_OBJC_ISA_USAGE = YES_ERROR;
				CLANG_WARN_EMPTY_BODY = YES;
				CLANG_WARN_ENUM_CONVERSION = YES;
				CLANG_WARN_INT_CONVERSION = YES;
				CLANG_WARN_OBJC_ROOT_CLASS = YES_ERROR;
				CLANG_WARN_UNREACHABLE_CODE = YES;
				CLANG_WARN__DUPLICATE_METHOD_MATCH = YES;
				"CODE_SIGN_IDENTITY[sdk=iphoneos*]" = "iPhone Developer";
				COPY_PHASE_STRIP = NO;
				DEBUG_INFORMATION_FORMAT = "dwarf-with-dsym";
				ENABLE_NS_ASSERTIONS = NO;
				ENABLE_STRICT_OBJC_MSGSEND = YES;
				GCC_C_LANGUAGE_STANDARD = gnu99;
				GCC_NO_COMMON_BLOCKS = YES;
				GCC_WARN_64_TO_32_BIT_CONVERSION = YES;
				GCC_WARN_ABOUT_RETURN_TYPE = YES_ERROR;
				GCC_WARN_UNDECLARED_SELECTOR = YES;
				GCC_WARN_UNINITIALIZED_AUTOS = YES_AGGRESSIVE;
				GCC_WARN_UNUSED_FUNCTION = YES;
				GCC_WARN_UNUSED_VARIABLE = YES;
				IPHONEOS_DEPLOYMENT_TARGET = 9.0;
				MTL_ENABLE_DEBUG_INFO = NO;
				SDKROOT = iphoneos;
				TARGETED_DEVICE_FAMILY = "1,2";
				VALIDATE_PRODUCT = YES;
			};
			name = Release;
		};
		C18D07BE1B5B2F5E001C1A27 /* Debug */ = {
			isa = XCBuildConfiguration;
			buildSettings = {
				ASSETCATALOG_COMPILER_APPICON_NAME = AppIcon;
				CLANG_ENABLE_MODULES = YES;
				ENABLE_BITCODE = YES;
				FRAMEWORK_SEARCH_PATHS = "$(SRCROOT)/**";
				INFOPLIST_FILE = Soundtraks/Info.plist;
				IPHONEOS_DEPLOYMENT_TARGET = 8.4;
				LD_RUNPATH_SEARCH_PATHS = "$(inherited) @executable_path/Frameworks";
				PRODUCT_BUNDLE_IDENTIFIER = com.rohandaruwala.Soundtraks;
				PRODUCT_NAME = "$(TARGET_NAME)";
				SWIFT_OBJC_BRIDGING_HEADER = "Soundtraks/Soundtraks-Bridging-Header.h";
				SWIFT_OPTIMIZATION_LEVEL = "-Onone";
			};
			name = Debug;
		};
		C18D07BF1B5B2F5E001C1A27 /* Release */ = {
			isa = XCBuildConfiguration;
			buildSettings = {
				ASSETCATALOG_COMPILER_APPICON_NAME = AppIcon;
				CLANG_ENABLE_MODULES = YES;
				ENABLE_BITCODE = YES;
				FRAMEWORK_SEARCH_PATHS = "$(SRCROOT)/**";
				INFOPLIST_FILE = Soundtraks/Info.plist;
				IPHONEOS_DEPLOYMENT_TARGET = 8.4;
				LD_RUNPATH_SEARCH_PATHS = "$(inherited) @executable_path/Frameworks";
				PRODUCT_BUNDLE_IDENTIFIER = com.rohandaruwala.Soundtraks;
				PRODUCT_NAME = "$(TARGET_NAME)";
				SWIFT_OBJC_BRIDGING_HEADER = "Soundtraks/Soundtraks-Bridging-Header.h";
			};
			name = Release;
		};
		C18D07C11B5B2F5E001C1A27 /* Debug */ = {
			isa = XCBuildConfiguration;
			buildSettings = {
				BUNDLE_LOADER = "$(TEST_HOST)";
				INFOPLIST_FILE = SoundtraksTests/Info.plist;
				LD_RUNPATH_SEARCH_PATHS = "$(inherited) @executable_path/Frameworks @loader_path/Frameworks";
				PRODUCT_BUNDLE_IDENTIFIER = com.rohandaruwala.SoundtraksTests;
				PRODUCT_NAME = "$(TARGET_NAME)";
				TEST_HOST = "$(BUILT_PRODUCTS_DIR)/Soundtraks.app/Soundtraks";
			};
			name = Debug;
		};
		C18D07C21B5B2F5E001C1A27 /* Release */ = {
			isa = XCBuildConfiguration;
			buildSettings = {
				BUNDLE_LOADER = "$(TEST_HOST)";
				INFOPLIST_FILE = SoundtraksTests/Info.plist;
				LD_RUNPATH_SEARCH_PATHS = "$(inherited) @executable_path/Frameworks @loader_path/Frameworks";
				PRODUCT_BUNDLE_IDENTIFIER = com.rohandaruwala.SoundtraksTests;
				PRODUCT_NAME = "$(TARGET_NAME)";
				TEST_HOST = "$(BUILT_PRODUCTS_DIR)/Soundtraks.app/Soundtraks";
			};
			name = Release;
		};
		C18D07C41B5B2F5E001C1A27 /* Debug */ = {
			isa = XCBuildConfiguration;
			buildSettings = {
				INFOPLIST_FILE = SoundtraksUITests/Info.plist;
				LD_RUNPATH_SEARCH_PATHS = "$(inherited) @executable_path/Frameworks @loader_path/Frameworks";
				PRODUCT_BUNDLE_IDENTIFIER = com.rohandaruwala.SoundtraksUITests;
				PRODUCT_NAME = "$(TARGET_NAME)";
				TEST_TARGET_NAME = Soundtraks;
				USES_XCTRUNNER = YES;
			};
			name = Debug;
		};
		C18D07C51B5B2F5E001C1A27 /* Release */ = {
			isa = XCBuildConfiguration;
			buildSettings = {
				INFOPLIST_FILE = SoundtraksUITests/Info.plist;
				LD_RUNPATH_SEARCH_PATHS = "$(inherited) @executable_path/Frameworks @loader_path/Frameworks";
				PRODUCT_BUNDLE_IDENTIFIER = com.rohandaruwala.SoundtraksUITests;
				PRODUCT_NAME = "$(TARGET_NAME)";
				TEST_TARGET_NAME = Soundtraks;
				USES_XCTRUNNER = YES;
			};
			name = Release;
		};
/* End XCBuildConfiguration section */

/* Begin XCConfigurationList section */
		C18D078D1B5B2F5E001C1A27 /* Build configuration list for PBXProject "Soundtraks" */ = {
			isa = XCConfigurationList;
			buildConfigurations = (
				C18D07BB1B5B2F5E001C1A27 /* Debug */,
				C18D07BC1B5B2F5E001C1A27 /* Release */,
			);
			defaultConfigurationIsVisible = 0;
			defaultConfigurationName = Release;
		};
		C18D07BD1B5B2F5E001C1A27 /* Build configuration list for PBXNativeTarget "Soundtraks" */ = {
			isa = XCConfigurationList;
			buildConfigurations = (
				C18D07BE1B5B2F5E001C1A27 /* Debug */,
				C18D07BF1B5B2F5E001C1A27 /* Release */,
			);
			defaultConfigurationIsVisible = 0;
			defaultConfigurationName = Release;
		};
		C18D07C01B5B2F5E001C1A27 /* Build configuration list for PBXNativeTarget "SoundtraksTests" */ = {
			isa = XCConfigurationList;
			buildConfigurations = (
				C18D07C11B5B2F5E001C1A27 /* Debug */,
				C18D07C21B5B2F5E001C1A27 /* Release */,
			);
			defaultConfigurationIsVisible = 0;
			defaultConfigurationName = Release;
		};
		C18D07C31B5B2F5E001C1A27 /* Build configuration list for PBXNativeTarget "SoundtraksUITests" */ = {
			isa = XCConfigurationList;
			buildConfigurations = (
				C18D07C41B5B2F5E001C1A27 /* Debug */,
				C18D07C51B5B2F5E001C1A27 /* Release */,
			);
			defaultConfigurationIsVisible = 0;
			defaultConfigurationName = Release;
		};
/* End XCConfigurationList section */

/* Begin XCVersionGroup section */
		C18D079C1B5B2F5E001C1A27 /* Soundtraks.xcdatamodeld */ = {
			isa = XCVersionGroup;
			children = (
				C18D079D1B5B2F5E001C1A27 /* Soundtraks.xcdatamodel */,
			);
			currentVersion = C18D079D1B5B2F5E001C1A27 /* Soundtraks.xcdatamodel */;
			path = Soundtraks.xcdatamodeld;
			sourceTree = "<group>";
			versionGroupType = wrapper.xcdatamodel;
		};
/* End XCVersionGroup section */
	};
	rootObject = C18D078A1B5B2F5E001C1A27 /* Project object */;
}
